{
  "version": 4,
  "terraform_version": "1.5.7",
  "serial": 21,
  "lineage": "f2904697-dde6-4479-75b4-0989ce62e724",
  "outputs": {
    "instance_connection_name": {
      "value": "ica3-428602:us-central1:postgres-instance",
      "type": "string"
    }
  },
  "resources": [
    {
      "mode": "managed",
      "type": "google_container_cluster",
      "name": "primary",
      "provider": "provider[\"registry.terraform.io/hashicorp/google\"]",
      "instances": [
        {
          "schema_version": 2,
          "attributes": {
            "addons_config": [
              {
                "cloudrun_config": [],
                "config_connector_config": [],
                "dns_cache_config": [],
                "gce_persistent_disk_csi_driver_config": [
                  {
                    "enabled": true
                  }
                ],
                "gcp_filestore_csi_driver_config": [],
                "gcs_fuse_csi_driver_config": [],
                "gke_backup_agent_config": [],
                "horizontal_pod_autoscaling": [],
                "http_load_balancing": [],
                "network_policy_config": [
                  {
                    "disabled": true
                  }
                ],
                "stateful_ha_config": []
              }
            ],
            "allow_net_admin": null,
            "authenticator_groups_config": [],
            "binary_authorization": [
              {
                "enabled": false,
                "evaluation_mode": ""
              }
            ],
            "cluster_autoscaling": [
              {
                "auto_provisioning_defaults": [],
                "autoscaling_profile": "BALANCED",
                "enabled": false,
                "resource_limits": []
              }
            ],
            "cluster_ipv4_cidr": "10.28.0.0/14",
            "confidential_nodes": [],
            "cost_management_config": [],
            "database_encryption": [
              {
                "key_name": "",
                "state": "DECRYPTED"
              }
            ],
            "datapath_provider": "",
            "default_max_pods_per_node": 110,
            "default_snat_status": [
              {
                "disabled": false
              }
            ],
            "deletion_protection": true,
            "description": "",
            "dns_config": [],
            "enable_autopilot": false,
            "enable_cilium_clusterwide_network_policy": false,
            "enable_intranode_visibility": false,
            "enable_k8s_beta_apis": [],
            "enable_kubernetes_alpha": false,
            "enable_l4_ilb_subsetting": false,
            "enable_legacy_abac": false,
            "enable_shielded_nodes": true,
            "enable_tpu": false,
            "endpoint": "34.30.219.204",
            "fleet": [],
            "gateway_api_config": [],
            "id": "projects/ica3-428602/locations/us-central1/clusters/autopilot-cluster-1",
            "identity_service_config": [],
            "initial_node_count": 1,
            "ip_allocation_policy": [
              {
                "additional_pod_ranges_config": [],
                "cluster_ipv4_cidr_block": "10.28.0.0/14",
                "cluster_secondary_range_name": "gke-autopilot-cluster-1-pods-d7d8e864",
                "pod_cidr_overprovision_config": [
                  {
                    "disabled": false
                  }
                ],
                "services_ipv4_cidr_block": "34.118.224.0/20",
                "services_secondary_range_name": "",
                "stack_type": "IPV4"
              }
            ],
            "label_fingerprint": "a9dc16a7",
            "location": "us-central1",
            "logging_config": [
              {
                "enable_components": [
                  "SYSTEM_COMPONENTS",
                  "WORKLOADS"
                ]
              }
            ],
            "logging_service": "logging.googleapis.com/kubernetes",
            "maintenance_policy": [],
            "master_auth": [
              {
                "client_certificate": "",
                "client_certificate_config": [
                  {
                    "issue_client_certificate": false
                  }
                ],
                "client_key": "",
                "cluster_ca_certificate": "LS0tLS1CRUdJTiBDRVJUSUZJQ0FURS0tLS0tCk1JSUVMVENDQXBXZ0F3SUJBZ0lSQUp6eDh5UnZUNE5TMlZhelJPYUFTcFF3RFFZSktvWklodmNOQVFFTEJRQXcKTHpFdE1Dc0dBMVVFQXhNa04yVTVZV0kzWkRjdFlUZ3dNUzAwTkdRekxXSmlOamd0WW1FMlptWXlPV0l5TkdRdwpNQ0FYRFRJME1EY3dPREUxTlRRME1sb1lEekl3TlRRd056QXhNVFkxTkRReVdqQXZNUzB3S3dZRFZRUURFeVEzClpUbGhZamRrTnkxaE9EQXhMVFEwWkRNdFltSTJPQzFpWVRabVpqSTVZakkwWkRBd2dnR2lNQTBHQ1NxR1NJYjMKRFFFQkFRVUFBNElCandBd2dnR0tBb0lCZ1FDdVhzWUtrNTc5S3VhUGFDclZjOWFPcHRQRXIxRyt2KzJ3SWdwaApnaWZCTXBwdHpVdHZEVFBQbHFwTWhQa0g2TzhYVGlmN0gzWTZ6Y0RuN2dldHBKVlh4TlBuSG9OVk9hZUgyYUNaClJKYnJKd293N1draVBvSmtBWDRYRGV3M2d6cXZOTVZudm9HL3FjdUNDVkJ0QzhBdzh6R3Q0OHh6MzQ3aXZUY0wKT3FPWFFiK1VrYm42Q1JzaDIwYkxKZ2tEQnc3Rm55ZkFkTlkrM3FvNXB0cnpsNUoxZ2daVnpDVDdIMmk5SjRpSApGdU9BTm9HSUQ3dkpMVTFKUENmd2lna0s3aU1xSkNTTXYvMjh1bGttaGRNWnlEa3VIOG9uVC9LU01PSnhPR0xrCkxJem1FODB2SW8ycjV3UEFHb2ZsWXk3TDlvMVFUc09pK2lad0M1RXZ5b0pvMG91UUJ5SjRYME05NStRZEkyeWgKd1RDaUFzWENJdWxxRWtWQTJXcWswVElieklNN3A3bEVVK2pQc203YTYycVVtcHVKcU1KNmdway9GckJGRWFQeQpWSk9tcko0bVUrMmZncWNZK212aXdkTHV4N3UrTTN0ZVNITXV6Q2QyVE9zS1ZtMUJ3bFBiKzFZb1I0Y1hFVi8xClZNZE4waUM2S3JKdXJMK2FJN0NTOW1jNzRra0NBd0VBQWFOQ01FQXdEZ1lEVlIwUEFRSC9CQVFEQWdJRU1BOEcKQTFVZEV3RUIvd1FGTUFNQkFmOHdIUVlEVlIwT0JCWUVGRnIrVEFLbVNWOWJCYUFmWmRsai9SSGFmTis5TUEwRwpDU3FHU0liM0RRRUJDd1VBQTRJQmdRQnMvRW1Ed2hYaVBYcEk2K0lXSitoRUYzSWxLUDNSMVFiUzh1ek1rcm1RClFzckNMeDJ3UUJMcWFGTUZucWFzMXRNZW4zMzU1R2ttMGx0QytURE1SaVRLZlpKcGhnT2h2N09obGhiSi9OQnQKNHh1YnIxME5ySU5aT2tpbzdQL01UQ0ZGWU0vTmxSc3FNbVhOT1ltVWdHM1hucFpKQlNiMTBvUzB6RDhkeDVzRgowNWJOaW4xNG9seDNISnRKclExR3E5OGNhY1RyUlI5S3FVYUNrVW9sb21FM2dRT0NteVkzMXU0T3QzV3FiUWQ0CjFPNjNnKyt0Y0p6bnFnOHpLRXRWcEJWSVJKSGRHem56Sms3U1VkQlhraXNEaGlKelRXcG11MjhibFFuZFFaWG8KZXhENUtzT0U3MGh4b3BWNDAxU1BmejRUT2Zlakh0ZVh5czFuM1p2bmJrSk9aT0FnaFBEeStRRHczendZRXdsVgp1Tm9hSFVIYm42bGQzYU42Y1NsVHIyWm9PbXFvUUUzdng4WkE5RnlzTW14d1NKRkNhTDRqUEFlZGdsZGl5WG5uCjlTUHJkQTN6Q0dOcnc2OC9NdFlWRlVtbW1QY0Yvd1UxTHRNcUszSHZoU0VTMlpmRVNJajA3VzdoVjhHOVVLUisKWloxOHVTWHlIYTBDbEdud3pzazFJTWc9Ci0tLS0tRU5EIENFUlRJRklDQVRFLS0tLS0K"
              }
            ],
            "master_authorized_networks_config": [],
            "master_version": "1.29.4-gke.1043004",
            "mesh_certificates": [],
            "min_master_version": null,
            "monitoring_config": [
              {
                "advanced_datapath_observability_config": [
                  {
                    "enable_metrics": false,
                    "enable_relay": false,
                    "relay_mode": "DISABLED"
                  }
                ],
                "enable_components": [
                  "SYSTEM_COMPONENTS"
                ],
                "managed_prometheus": [
                  {
                    "enabled": true
                  }
                ]
              }
            ],
            "monitoring_service": "monitoring.googleapis.com/kubernetes",
            "name": "autopilot-cluster-1",
            "network": "projects/ica3-428602/global/networks/default",
            "network_policy": [
              {
                "enabled": false,
                "provider": "PROVIDER_UNSPECIFIED"
              }
            ],
            "networking_mode": "VPC_NATIVE",
            "node_config": [
              {
                "advanced_machine_features": [],
                "boot_disk_kms_key": "",
                "confidential_nodes": [],
                "containerd_config": [],
                "disk_size_gb": 10,
                "disk_type": "pd-balanced",
                "effective_taints": [],
                "enable_confidential_storage": false,
                "ephemeral_storage_local_ssd_config": [],
                "fast_socket": [],
                "gcfs_config": [],
                "guest_accelerator": [],
                "gvnic": [],
                "host_maintenance_policy": [],
                "image_type": "COS_CONTAINERD",
                "kubelet_config": [],
                "labels": {},
                "linux_node_config": [],
                "local_nvme_ssd_block_config": [],
                "local_ssd_count": 0,
                "logging_variant": "DEFAULT",
                "machine_type": "e2-micro",
                "metadata": {
                  "disable-legacy-endpoints": "true"
                },
                "min_cpu_platform": "",
                "node_group": "",
                "oauth_scopes": [
                  "https://www.googleapis.com/auth/devstorage.read_only",
                  "https://www.googleapis.com/auth/logging.write",
                  "https://www.googleapis.com/auth/monitoring",
                  "https://www.googleapis.com/auth/service.management.readonly",
                  "https://www.googleapis.com/auth/servicecontrol",
                  "https://www.googleapis.com/auth/trace.append"
                ],
                "preemptible": false,
                "reservation_affinity": [],
                "resource_labels": null,
                "resource_manager_tags": null,
                "secondary_boot_disks": [],
                "service_account": "default",
                "shielded_instance_config": [
                  {
                    "enable_integrity_monitoring": true,
                    "enable_secure_boot": false
                  }
                ],
                "sole_tenant_config": [],
                "spot": false,
                "tags": null,
                "taint": [],
                "workload_metadata_config": []
              }
            ],
            "node_locations": [
              "us-central1-a",
              "us-central1-c",
              "us-central1-f"
            ],
            "node_pool": [
              {
                "autoscaling": [],
                "initial_node_count": 1,
                "instance_group_urls": [
                  "https://www.googleapis.com/compute/v1/projects/ica3-428602/zones/us-central1-f/instanceGroupManagers/gke-autopilot-cluster-1-default-pool-0ab1afee-grp",
                  "https://www.googleapis.com/compute/v1/projects/ica3-428602/zones/us-central1-a/instanceGroupManagers/gke-autopilot-cluster-1-default-pool-d3092252-grp",
                  "https://www.googleapis.com/compute/v1/projects/ica3-428602/zones/us-central1-c/instanceGroupManagers/gke-autopilot-cluster-1-default-pool-76a167da-grp"
                ],
                "managed_instance_group_urls": [
                  "https://www.googleapis.com/compute/v1/projects/ica3-428602/zones/us-central1-f/instanceGroups/gke-autopilot-cluster-1-default-pool-0ab1afee-grp",
                  "https://www.googleapis.com/compute/v1/projects/ica3-428602/zones/us-central1-a/instanceGroups/gke-autopilot-cluster-1-default-pool-d3092252-grp",
                  "https://www.googleapis.com/compute/v1/projects/ica3-428602/zones/us-central1-c/instanceGroups/gke-autopilot-cluster-1-default-pool-76a167da-grp"
                ],
                "management": [
                  {
                    "auto_repair": true,
                    "auto_upgrade": true
                  }
                ],
                "max_pods_per_node": 110,
                "name": "default-pool",
                "name_prefix": "",
                "network_config": [
                  {
                    "create_pod_range": false,
                    "enable_private_nodes": false,
                    "network_performance_config": [],
                    "pod_cidr_overprovision_config": [],
                    "pod_ipv4_cidr_block": "10.28.0.0/14",
                    "pod_range": "gke-autopilot-cluster-1-pods-d7d8e864"
                  }
                ],
                "node_config": [
                  {
                    "advanced_machine_features": [],
                    "boot_disk_kms_key": "",
                    "confidential_nodes": [],
                    "containerd_config": [],
                    "disk_size_gb": 10,
                    "disk_type": "pd-balanced",
                    "effective_taints": [],
                    "enable_confidential_storage": false,
                    "ephemeral_storage_local_ssd_config": [],
                    "fast_socket": [],
                    "gcfs_config": [],
                    "guest_accelerator": [],
                    "gvnic": [],
                    "host_maintenance_policy": [],
                    "image_type": "COS_CONTAINERD",
                    "kubelet_config": [],
                    "labels": {},
                    "linux_node_config": [],
                    "local_nvme_ssd_block_config": [],
                    "local_ssd_count": 0,
                    "logging_variant": "DEFAULT",
                    "machine_type": "e2-micro",
                    "metadata": {
                      "disable-legacy-endpoints": "true"
                    },
                    "min_cpu_platform": "",
                    "node_group": "",
                    "oauth_scopes": [
                      "https://www.googleapis.com/auth/devstorage.read_only",
                      "https://www.googleapis.com/auth/logging.write",
                      "https://www.googleapis.com/auth/monitoring",
                      "https://www.googleapis.com/auth/service.management.readonly",
                      "https://www.googleapis.com/auth/servicecontrol",
                      "https://www.googleapis.com/auth/trace.append"
                    ],
                    "preemptible": false,
                    "reservation_affinity": [],
                    "resource_labels": {},
                    "resource_manager_tags": {},
                    "secondary_boot_disks": [],
                    "service_account": "default",
                    "shielded_instance_config": [
                      {
                        "enable_integrity_monitoring": true,
                        "enable_secure_boot": false
                      }
                    ],
                    "sole_tenant_config": [],
                    "spot": false,
                    "tags": [],
                    "taint": [],
                    "workload_metadata_config": []
                  }
                ],
                "node_count": 1,
                "node_locations": [
                  "us-central1-a",
                  "us-central1-c",
                  "us-central1-f"
                ],
                "placement_policy": [],
                "queued_provisioning": [],
                "upgrade_settings": [
                  {
                    "blue_green_settings": [],
                    "max_surge": 1,
                    "max_unavailable": 0,
                    "strategy": "SURGE"
                  }
                ],
                "version": "1.29.4-gke.1043004"
              }
            ],
            "node_pool_auto_config": [],
            "node_pool_defaults": [
              {
                "node_config_defaults": [
                  {
                    "containerd_config": [],
                    "logging_variant": "DEFAULT"
                  }
                ]
              }
            ],
            "node_version": "1.29.4-gke.1043004",
            "notification_config": [
              {
                "pubsub": [
                  {
                    "enabled": false,
                    "filter": [],
                    "topic": ""
                  }
                ]
              }
            ],
            "operation": null,
            "private_cluster_config": [
              {
                "enable_private_endpoint": false,
                "enable_private_nodes": false,
                "master_global_access_config": [
                  {
                    "enabled": false
                  }
                ],
                "master_ipv4_cidr_block": "",
                "peering_name": "",
                "private_endpoint": "10.128.0.6",
                "private_endpoint_subnetwork": "",
                "public_endpoint": "34.30.219.204"
              }
            ],
            "private_ipv6_google_access": "",
            "project": "ica3-428602",
            "release_channel": [
              {
                "channel": "REGULAR"
              }
            ],
            "remove_default_node_pool": null,
            "resource_labels": null,
            "resource_usage_export_config": [],
            "security_posture_config": [
              {
                "mode": "BASIC",
                "vulnerability_mode": "VULNERABILITY_MODE_UNSPECIFIED"
              }
            ],
            "self_link": "https://container.googleapis.com/v1/projects/ica3-428602/locations/us-central1/clusters/autopilot-cluster-1",
            "service_external_ips_config": [
              {
                "enabled": false
              }
            ],
            "services_ipv4_cidr": "34.118.224.0/20",
            "subnetwork": "projects/ica3-428602/regions/us-central1/subnetworks/default",
            "timeouts": null,
            "tpu_ipv4_cidr_block": "",
            "vertical_pod_autoscaling": [],
            "workload_identity_config": []
          },
          "sensitive_attributes": [],
          "private": "eyJlMmJmYjczMC1lY2FhLTExZTYtOGY4OC0zNDM2M2JjN2M0YzAiOnsiY3JlYXRlIjoyNDAwMDAwMDAwMDAwLCJkZWxldGUiOjI0MDAwMDAwMDAwMDAsInJlYWQiOjI0MDAwMDAwMDAwMDAsInVwZGF0ZSI6MzYwMDAwMDAwMDAwMH0sInNjaGVtYV92ZXJzaW9uIjoiMiJ9"
        }
      ]
    },
    {
      "mode": "managed",
      "type": "google_sql_database",
      "name": "db",
      "provider": "provider[\"registry.terraform.io/hashicorp/google\"]",
      "instances": [
        {
          "schema_version": 0,
          "attributes": {
            "charset": "UTF8",
            "collation": "en_US.UTF8",
            "deletion_policy": "DELETE",
            "id": "projects/ica3-428602/instances/postgres-instance/databases/ica3",
            "instance": "postgres-instance",
            "name": "ica3",
            "project": "ica3-428602",
            "self_link": "https://sqladmin.googleapis.com/sql/v1beta4/projects/ica3-428602/instances/postgres-instance/databases/ica3",
            "timeouts": null
          },
          "sensitive_attributes": [],
          "private": "eyJlMmJmYjczMC1lY2FhLTExZTYtOGY4OC0zNDM2M2JjN2M0YzAiOnsiY3JlYXRlIjoxMjAwMDAwMDAwMDAwLCJkZWxldGUiOjEyMDAwMDAwMDAwMDAsInVwZGF0ZSI6MTIwMDAwMDAwMDAwMH19",
          "dependencies": [
            "google_sql_database_instance.postgres"
          ]
        }
      ]
    },
    {
      "mode": "managed",
      "type": "google_sql_database_instance",
      "name": "postgres",
      "provider": "provider[\"registry.terraform.io/hashicorp/google\"]",
      "instances": [
        {
          "schema_version": 0,
          "attributes": {
            "available_maintenance_versions": [],
            "clone": [],
            "connection_name": "ica3-428602:us-central1:postgres-instance",
            "database_version": "POSTGRES_13",
            "deletion_protection": true,
            "dns_name": "",
            "encryption_key_name": null,
            "first_ip_address": "34.46.44.88",
            "id": "postgres-instance",
            "instance_type": "CLOUD_SQL_INSTANCE",
            "ip_address": [
              {
                "ip_address": "34.46.44.88",
                "time_to_retire": "",
                "type": "PRIMARY"
              },
              {
                "ip_address": "34.136.223.105",
                "time_to_retire": "",
                "type": "OUTGOING"
              }
            ],
            "maintenance_version": "POSTGRES_13_15.R20240514.00_06",
            "master_instance_name": "",
            "name": "postgres-instance",
            "private_ip_address": "",
            "project": "ica3-428602",
            "psc_service_attachment_link": "",
            "public_ip_address": "34.46.44.88",
            "region": "us-central1",
            "replica_configuration": [],
            "restore_backup_context": [],
            "root_password": null,
            "self_link": "https://sqladmin.googleapis.com/sql/v1beta4/projects/ica3-428602/instances/postgres-instance",
            "server_ca_cert": [
              {
                "cert": "-----BEGIN CERTIFICATE-----\nMIIDfzCCAmegAwIBAgIBADANBgkqhkiG9w0BAQsFADB3MS0wKwYDVQQuEyQ1ZTdh\nMzhhMS03M2IyLTQxMmItYmQwYS1mZjMwYWYwMTNlMzkxIzAhBgNVBAMTGkdvb2ds\nZSBDbG91ZCBTUUwgU2VydmVyIENBMRQwEgYDVQQKEwtHb29nbGUsIEluYzELMAkG\nA1UEBhMCVVMwHhcNMjQwNzA2MDQxNzA0WhcNMzQwNzA0MDQxODA0WjB3MS0wKwYD\nVQQuEyQ1ZTdhMzhhMS03M2IyLTQxMmItYmQwYS1mZjMwYWYwMTNlMzkxIzAhBgNV\nBAMTGkdvb2dsZSBDbG91ZCBTUUwgU2VydmVyIENBMRQwEgYDVQQKEwtHb29nbGUs\nIEluYzELMAkGA1UEBhMCVVMwggEiMA0GCSqGSIb3DQEBAQUAA4IBDwAwggEKAoIB\nAQCjvbZXgaTSrFhb17WCYFD9X3SKrIOItxgJtuVYhPfwyV0wDSM6Xpt51kc3pyID\nP+C++Bg8y7RfPxi6W24UB5M8HBigslIp/4GIc8I7ro0PgFRB4qZlodeensaQKX+L\nuuz4WHmmzZTfduBIe2hFOV9u60TF9f7Dc5Tv8nY65AX5WSi6Cxclc2BwAGHfnl5b\nGsj3K7n7Ka+tOkXX2i2tBfF8YRoWZKqa/y4uVDRx1eNPdrTNUJhunDSRc+r/aAMJ\n8NSkSEsgkEi7zuNa15ndRg1304PW4mNadIYLTHR2aUjbOeM42PnKInUw3mOg/fkT\nTVk0SP6G3UVs61Uod7fyM1rhAgMBAAGjFjAUMBIGA1UdEwEB/wQIMAYBAf8CAQAw\nDQYJKoZIhvcNAQELBQADggEBADyikvvdp8aA+PUNZgzytU45MAR9fDBNB5y29Axs\nAO9jhNZt/s9Z7DtZYkCVzMu0S6tOGRF5oU3dNXOpuUCklFJJxNPqlpcV7qvhLCbG\nKmNML260fXv4jkyKKpA4Cbh8dxlw80pQlAah4XK1FQ2NysU0V2+DlsK94DLpgDQH\nGKaFpzEZFV8ElvXUbGqMHXwhNFj2nXmN7XylMZNOdmdkq8eWhBrge8B54Cm2WHy9\noixJXJvoRMuAtdGsFAD3K5Y3INPVG9JLk7U859rc+T+7+2It1lyzppzuhH4mrO4P\nd5TaaT2bOelQI+1JBV94B4EiUPX95Oyg88DVqoz3B9/IS2o=\n-----END CERTIFICATE-----",
                "common_name": "C=US,O=Google\\, Inc,CN=Google Cloud SQL Server CA,dnQualifier=5e7a38a1-73b2-412b-bd0a-ff30af013e39",
                "create_time": "2024-07-06T04:17:04.051Z",
                "expiration_time": "2034-07-04T04:18:04.051Z",
                "sha1_fingerprint": "e06690d3ae9b799fd9d131bdd87124ba7cc1e3ea"
              }
            ],
            "service_account_email_address": "p1039487976729-z2elb4@gcp-sa-cloud-sql.iam.gserviceaccount.com",
            "settings": [
              {
                "activation_policy": "ALWAYS",
                "active_directory_config": [],
                "advanced_machine_features": [],
                "availability_type": "ZONAL",
                "backup_configuration": [
                  {
                    "backup_retention_settings": [
                      {
                        "retained_backups": 7,
                        "retention_unit": "COUNT"
                      }
                    ],
                    "binary_log_enabled": false,
                    "enabled": false,
                    "location": "",
                    "point_in_time_recovery_enabled": false,
                    "start_time": "22:00",
                    "transaction_log_retention_days": 7
                  }
                ],
                "collation": "",
                "connector_enforcement": "NOT_REQUIRED",
                "data_cache_config": [],
                "database_flags": [],
                "deletion_protection_enabled": false,
                "deny_maintenance_period": [],
                "disk_autoresize": true,
                "disk_autoresize_limit": 0,
                "disk_size": 10,
                "disk_type": "PD_SSD",
                "edition": "ENTERPRISE",
                "enable_google_ml_integration": false,
                "insights_config": [],
                "ip_configuration": [
                  {
                    "allocated_ip_range": "",
                    "authorized_networks": [],
                    "enable_private_path_for_google_cloud_services": false,
                    "ipv4_enabled": true,
                    "private_network": "",
                    "psc_config": [],
                    "require_ssl": false,
                    "ssl_mode": ""
                  }
                ],
                "location_preference": [
                  {
                    "follow_gae_application": "",
                    "secondary_zone": "",
                    "zone": "us-central1-c"
                  }
                ],
                "maintenance_window": [],
                "password_validation_policy": [],
                "pricing_plan": "PER_USE",
                "sql_server_audit_config": [],
                "tier": "db-f1-micro",
                "time_zone": "",
                "user_labels": {},
                "version": 11
              }
            ],
            "timeouts": null
          },
          "sensitive_attributes": [],
          "private": "eyJlMmJmYjczMC1lY2FhLTExZTYtOGY4OC0zNDM2M2JjN2M0YzAiOnsiY3JlYXRlIjo1NDAwMDAwMDAwMDAwLCJkZWxldGUiOjU0MDAwMDAwMDAwMDAsInVwZGF0ZSI6NTQwMDAwMDAwMDAwMH19"
        }
      ]
    },
    {
      "mode": "managed",
      "type": "google_sql_user",
      "name": "user",
      "provider": "provider[\"registry.terraform.io/hashicorp/google\"]",
      "instances": [
        {
          "schema_version": 1,
          "attributes": {
            "deletion_policy": null,
            "host": "",
            "id": "root//postgres-instance",
            "instance": "postgres-instance",
            "name": "root",
            "password": "root",
            "password_policy": [],
            "project": "ica3-428602",
            "sql_server_user_details": [],
            "timeouts": null,
            "type": ""
          },
          "sensitive_attributes": [],
          "private": "eyJlMmJmYjczMC1lY2FhLTExZTYtOGY4OC0zNDM2M2JjN2M0YzAiOnsiY3JlYXRlIjo2MDAwMDAwMDAwMDAsImRlbGV0ZSI6NjAwMDAwMDAwMDAwLCJ1cGRhdGUiOjYwMDAwMDAwMDAwMH0sInNjaGVtYV92ZXJzaW9uIjoiMSJ9",
          "dependencies": [
            "google_sql_database_instance.postgres"
          ]
        }
      ]
    }
  ],
  "check_results": null
}
